{
    "name": "QS-inputs组件 2019/10/18 7.8更新",
    "version": "8.1",
    "lockfileVersion": 2,
    "requires": true,
    "packages": {
        "": {
            "name": "QS-inputs组件 2019/10/18 7.8更新",
            "version": "8.1",
            "dependencies": {
                "@zxing/library": "^0.19.1",
                "blueimp-md5": "^2.19.0",
                "html5-qrcode": "^2.3.1",
                "jsqr": "^1.4.0"
            }
        },
        "node_modules/@zxing/library": {
            "version": "0.19.1",
            "resolved": "https://registry.npmmirror.com/@zxing/library/-/library-0.19.1.tgz",
            "integrity": "sha512-rKwvl3Uuqs8yf364iU9l3HDDaIx8yPv+CH6DbtQaQr67VdKLG22G1ukEp9fOdDefE6tpLtRAdMnTrgtpiaKAZw==",
            "dependencies": {
                "ts-custom-error": "^3.0.0"
            },
            "engines": {
                "node": ">= 10.4.0"
            },
            "optionalDependencies": {
                "@zxing/text-encoding": "~0.9.0"
            }
        },
        "node_modules/@zxing/text-encoding": {
            "version": "0.9.0",
            "resolved": "https://registry.npmmirror.com/@zxing/text-encoding/-/text-encoding-0.9.0.tgz",
            "integrity": "sha512-U/4aVJ2mxI0aDNI8Uq0wEhMgY+u4CNtEb0om3+y3+niDAsoTCOB33UF0sxpzqzdqXLqmvc+vZyAt4O8pPdfkwA==",
            "optional": true
        },
        "node_modules/blueimp-md5": {
            "version": "2.19.0",
            "resolved": "https://registry.npmjs.org/blueimp-md5/-/blueimp-md5-2.19.0.tgz",
            "integrity": "sha512-DRQrD6gJyy8FbiE4s+bDoXS9hiW3Vbx5uCdwvcCf3zLHL+Iv7LtGHLpr+GZV8rHG8tK766FGYBwRbu8pELTt+w=="
        },
        "node_modules/html5-qrcode": {
            "version": "2.3.1",
            "resolved": "https://registry.npmmirror.com/html5-qrcode/-/html5-qrcode-2.3.1.tgz",
            "integrity": "sha512-sSAgpmmUlssKm9az18I6d7fytH5jPq4xG7E4mCuhsGpMsDwk05AumKNsag5rfxwgMFPiUQg7CcRiOCXlgSJxmg=="
        },
        "node_modules/jsqr": {
            "version": "1.4.0",
            "resolved": "https://registry.npmmirror.com/jsqr/-/jsqr-1.4.0.tgz",
            "integrity": "sha512-dxLob7q65Xg2DvstYkRpkYtmKm2sPJ9oFhrhmudT1dZvNFFTlroai3AWSpLey/w5vMcLBXRgOJsbXpdN9HzU/A=="
        },
        "node_modules/ts-custom-error": {
            "version": "3.3.1",
            "resolved": "https://registry.npmmirror.com/ts-custom-error/-/ts-custom-error-3.3.1.tgz",
            "integrity": "sha512-5OX1tzOjxWEgsr/YEUWSuPrQ00deKLh6D7OTWcvNHm12/7QPyRh8SYpyWvA4IZv8H/+GQWQEh/kwo95Q9OVW1A==",
            "engines": {
                "node": ">=14.0.0"
            }
        }
    },
    "dependencies": {
        "@zxing/library": {
            "version": "0.19.1",
            "resolved": "https://registry.npmmirror.com/@zxing/library/-/library-0.19.1.tgz",
            "integrity": "sha512-rKwvl3Uuqs8yf364iU9l3HDDaIx8yPv+CH6DbtQaQr67VdKLG22G1ukEp9fOdDefE6tpLtRAdMnTrgtpiaKAZw==",
            "requires": {
                "@zxing/text-encoding": "~0.9.0",
                "ts-custom-error": "^3.0.0"
            }
        },
        "@zxing/text-encoding": {
            "version": "0.9.0",
            "resolved": "https://registry.npmmirror.com/@zxing/text-encoding/-/text-encoding-0.9.0.tgz",
            "integrity": "sha512-U/4aVJ2mxI0aDNI8Uq0wEhMgY+u4CNtEb0om3+y3+niDAsoTCOB33UF0sxpzqzdqXLqmvc+vZyAt4O8pPdfkwA==",
            "optional": true
        },
        "blueimp-md5": {
            "version": "2.19.0",
            "resolved": "https://registry.npmjs.org/blueimp-md5/-/blueimp-md5-2.19.0.tgz",
            "integrity": "sha512-DRQrD6gJyy8FbiE4s+bDoXS9hiW3Vbx5uCdwvcCf3zLHL+Iv7LtGHLpr+GZV8rHG8tK766FGYBwRbu8pELTt+w=="
        },
        "html5-qrcode": {
            "version": "2.3.1",
            "resolved": "https://registry.npmmirror.com/html5-qrcode/-/html5-qrcode-2.3.1.tgz",
            "integrity": "sha512-sSAgpmmUlssKm9az18I6d7fytH5jPq4xG7E4mCuhsGpMsDwk05AumKNsag5rfxwgMFPiUQg7CcRiOCXlgSJxmg=="
        },
        "jsqr": {
            "version": "1.4.0",
            "resolved": "https://registry.npmmirror.com/jsqr/-/jsqr-1.4.0.tgz",
            "integrity": "sha512-dxLob7q65Xg2DvstYkRpkYtmKm2sPJ9oFhrhmudT1dZvNFFTlroai3AWSpLey/w5vMcLBXRgOJsbXpdN9HzU/A=="
        },
        "ts-custom-error": {
            "version": "3.3.1",
            "resolved": "https://registry.npmmirror.com/ts-custom-error/-/ts-custom-error-3.3.1.tgz",
            "integrity": "sha512-5OX1tzOjxWEgsr/YEUWSuPrQ00deKLh6D7OTWcvNHm12/7QPyRh8SYpyWvA4IZv8H/+GQWQEh/kwo95Q9OVW1A=="
        }
    }
}
